
Microsoft Visual Studio Solution File, Format Version 12.00
# Visual Studio 15
VisualStudioVersion = 15.0.28010.2050
MinimumVisualStudioVersion = 10.0.40219.1
Project("{FAE04EC0-301F-11D3-BF4B-00C04F79EFBC}") = "Zadatak_01", "Zadatak_01\Zadatak_01.csproj", "{59AEE64D-E66E-4726-B853-94B7689B004B}"
EndProject
Global
	GlobalSection(SolutionConfigurationPlatforms) = preSolution
		Debug|Any CPU = Debug|Any CPU
		Release|Any CPU = Release|Any CPU
	EndGlobalSection
	GlobalSection(ProjectConfigurationPlatforms) = postSolution
		{59AEE64D-E66E-4726-B853-94B7689B004B}.Debug|Any CPU.ActiveCfg = Debug|Any CPU
		{59AEE64D-E66E-4726-B853-94B7689B004B}.Debug|Any CPU.Build.0 = Debug|Any CPU
		{59AEE64D-E66E-4726-B853-94B7689B004B}.Release|Any CPU.ActiveCfg = Release|Any CPU
		{59AEE64D-E66E-4726-B853-94B7689B004B}.Release|Any CPU.Build.0 = Release|Any CPU
	EndGlobalSection
	GlobalSection(SolutionProperties) = preSolution
		HideSolutionNode = FALSE
	EndGlobalSection
	GlobalSection(ExtensibilityGlobals) = postSolution
		SolutionGuid = {D8BC3A78-F652-4217-BADD-776A42D6FE2A}
	EndGlobalSection
EndGlobal
