
Microsoft Visual Studio Solution File, Format Version 12.00
# Visual Studio 15
VisualStudioVersion = 15.0.28010.2050
MinimumVisualStudioVersion = 10.0.40219.1
Project("{FAE04EC0-301F-11D3-BF4B-00C04F79EFBC}") = "Zadatak_02", "Zadatak_02\Zadatak_02.csproj", "{5D60FF7F-69ED-421D-9DA3-536F5028F06F}"
EndProject
Global
	GlobalSection(SolutionConfigurationPlatforms) = preSolution
		Debug|Any CPU = Debug|Any CPU
		Release|Any CPU = Release|Any CPU
	EndGlobalSection
	GlobalSection(ProjectConfigurationPlatforms) = postSolution
		{5D60FF7F-69ED-421D-9DA3-536F5028F06F}.Debug|Any CPU.ActiveCfg = Debug|Any CPU
		{5D60FF7F-69ED-421D-9DA3-536F5028F06F}.Debug|Any CPU.Build.0 = Debug|Any CPU
		{5D60FF7F-69ED-421D-9DA3-536F5028F06F}.Release|Any CPU.ActiveCfg = Release|Any CPU
		{5D60FF7F-69ED-421D-9DA3-536F5028F06F}.Release|Any CPU.Build.0 = Release|Any CPU
	EndGlobalSection
	GlobalSection(SolutionProperties) = preSolution
		HideSolutionNode = FALSE
	EndGlobalSection
	GlobalSection(ExtensibilityGlobals) = postSolution
		SolutionGuid = {38E4A55F-EA8E-4884-9E33-77A328C84353}
	EndGlobalSection
EndGlobal
