
Microsoft Visual Studio Solution File, Format Version 12.00
# Visual Studio 15
VisualStudioVersion = 15.0.28010.2050
MinimumVisualStudioVersion = 10.0.40219.1
Project("{FAE04EC0-301F-11D3-BF4B-00C04F79EFBC}") = "Zadatak_04", "Zadatak_04\Zadatak_04.csproj", "{45E23A07-15D9-42C2-B337-75FB6047B177}"
EndProject
Global
	GlobalSection(SolutionConfigurationPlatforms) = preSolution
		Debug|Any CPU = Debug|Any CPU
		Release|Any CPU = Release|Any CPU
	EndGlobalSection
	GlobalSection(ProjectConfigurationPlatforms) = postSolution
		{45E23A07-15D9-42C2-B337-75FB6047B177}.Debug|Any CPU.ActiveCfg = Debug|Any CPU
		{45E23A07-15D9-42C2-B337-75FB6047B177}.Debug|Any CPU.Build.0 = Debug|Any CPU
		{45E23A07-15D9-42C2-B337-75FB6047B177}.Release|Any CPU.ActiveCfg = Release|Any CPU
		{45E23A07-15D9-42C2-B337-75FB6047B177}.Release|Any CPU.Build.0 = Release|Any CPU
	EndGlobalSection
	GlobalSection(SolutionProperties) = preSolution
		HideSolutionNode = FALSE
	EndGlobalSection
	GlobalSection(ExtensibilityGlobals) = postSolution
		SolutionGuid = {961B9C77-CE0D-48C5-81DF-7C9896343662}
	EndGlobalSection
EndGlobal
