
Microsoft Visual Studio Solution File, Format Version 12.00
# Visual Studio 15
VisualStudioVersion = 15.0.28010.2050
MinimumVisualStudioVersion = 10.0.40219.1
Project("{FAE04EC0-301F-11D3-BF4B-00C04F79EFBC}") = "Zadatak_06", "Zadatak_06\Zadatak_06.csproj", "{9E958E02-8EFD-4721-944B-67F9B75CBEDB}"
EndProject
Global
	GlobalSection(SolutionConfigurationPlatforms) = preSolution
		Debug|Any CPU = Debug|Any CPU
		Release|Any CPU = Release|Any CPU
	EndGlobalSection
	GlobalSection(ProjectConfigurationPlatforms) = postSolution
		{9E958E02-8EFD-4721-944B-67F9B75CBEDB}.Debug|Any CPU.ActiveCfg = Debug|Any CPU
		{9E958E02-8EFD-4721-944B-67F9B75CBEDB}.Debug|Any CPU.Build.0 = Debug|Any CPU
		{9E958E02-8EFD-4721-944B-67F9B75CBEDB}.Release|Any CPU.ActiveCfg = Release|Any CPU
		{9E958E02-8EFD-4721-944B-67F9B75CBEDB}.Release|Any CPU.Build.0 = Release|Any CPU
	EndGlobalSection
	GlobalSection(SolutionProperties) = preSolution
		HideSolutionNode = FALSE
	EndGlobalSection
	GlobalSection(ExtensibilityGlobals) = postSolution
		SolutionGuid = {179BB336-B366-466A-B66A-AFDD6CE57288}
	EndGlobalSection
EndGlobal
