
Microsoft Visual Studio Solution File, Format Version 12.00
# Visual Studio 15
VisualStudioVersion = 15.0.28010.2050
MinimumVisualStudioVersion = 10.0.40219.1
Project("{FAE04EC0-301F-11D3-BF4B-00C04F79EFBC}") = "Zadatak_08", "Zadatak_08\Zadatak_08.csproj", "{77C46038-2D0A-4AB9-9650-0DE3E72CC10F}"
EndProject
Global
	GlobalSection(SolutionConfigurationPlatforms) = preSolution
		Debug|Any CPU = Debug|Any CPU
		Release|Any CPU = Release|Any CPU
	EndGlobalSection
	GlobalSection(ProjectConfigurationPlatforms) = postSolution
		{77C46038-2D0A-4AB9-9650-0DE3E72CC10F}.Debug|Any CPU.ActiveCfg = Debug|Any CPU
		{77C46038-2D0A-4AB9-9650-0DE3E72CC10F}.Debug|Any CPU.Build.0 = Debug|Any CPU
		{77C46038-2D0A-4AB9-9650-0DE3E72CC10F}.Release|Any CPU.ActiveCfg = Release|Any CPU
		{77C46038-2D0A-4AB9-9650-0DE3E72CC10F}.Release|Any CPU.Build.0 = Release|Any CPU
	EndGlobalSection
	GlobalSection(SolutionProperties) = preSolution
		HideSolutionNode = FALSE
	EndGlobalSection
	GlobalSection(ExtensibilityGlobals) = postSolution
		SolutionGuid = {F60A7018-070D-4237-AB91-9FA32653341F}
	EndGlobalSection
EndGlobal
